
Microsoft Visual Studio Solution File, Format Version 12.00
# Visual Studio 2017
Project("{FAE04EC0-301F-11D3-BF4B-00C04F79EFBC}") = "ProtoRainbowMia", "ProtoRainbowMia.csproj", "{FD021A9F-D682-2710-74DC-5C6A99C1B1C9}"
EndProject
Project("{FAE04EC0-301F-11D3-BF4B-00C04F79EFBC}") = "ProtoRainbowMia.Plugins", "ProtoRainbowMia.Plugins.csproj", "{78B7784C-CB9D-DE54-6F3D-D0B808FD4E2E}"
EndProject
Project("{FAE04EC0-301F-11D3-BF4B-00C04F79EFBC}") = "ProtoRainbowMia.Editor.Plugins", "ProtoRainbowMia.Editor.Plugins.csproj", "{663AC2C7-8141-3D1B-24EF-D5548E50B158}"
EndProject
Project("{FAE04EC0-301F-11D3-BF4B-00C04F79EFBC}") = "ProtoRainbowMia.Editor", "ProtoRainbowMia.Editor.csproj", "{042D5047-3166-2166-4480-C91E10FC77B0}"
EndProject
Global
	GlobalSection(SolutionConfigurationPlatforms) = preSolution
		Debug|Any CPU = Debug|Any CPU
		Release|Any CPU = Release|Any CPU
	EndGlobalSection
	GlobalSection(ProjectConfigurationPlatforms) = postSolution
		{FD021A9F-D682-2710-74DC-5C6A99C1B1C9}.Debug|Any CPU.ActiveCfg = Debug|Any CPU
		{FD021A9F-D682-2710-74DC-5C6A99C1B1C9}.Debug|Any CPU.Build.0 = Debug|Any CPU
		{FD021A9F-D682-2710-74DC-5C6A99C1B1C9}.Release|Any CPU.ActiveCfg = Release|Any CPU
		{FD021A9F-D682-2710-74DC-5C6A99C1B1C9}.Release|Any CPU.Build.0 = Release|Any CPU
		{78B7784C-CB9D-DE54-6F3D-D0B808FD4E2E}.Debug|Any CPU.ActiveCfg = Debug|Any CPU
		{78B7784C-CB9D-DE54-6F3D-D0B808FD4E2E}.Debug|Any CPU.Build.0 = Debug|Any CPU
		{78B7784C-CB9D-DE54-6F3D-D0B808FD4E2E}.Release|Any CPU.ActiveCfg = Release|Any CPU
		{78B7784C-CB9D-DE54-6F3D-D0B808FD4E2E}.Release|Any CPU.Build.0 = Release|Any CPU
		{663AC2C7-8141-3D1B-24EF-D5548E50B158}.Debug|Any CPU.ActiveCfg = Debug|Any CPU
		{663AC2C7-8141-3D1B-24EF-D5548E50B158}.Debug|Any CPU.Build.0 = Debug|Any CPU
		{663AC2C7-8141-3D1B-24EF-D5548E50B158}.Release|Any CPU.ActiveCfg = Release|Any CPU
		{663AC2C7-8141-3D1B-24EF-D5548E50B158}.Release|Any CPU.Build.0 = Release|Any CPU
		{042D5047-3166-2166-4480-C91E10FC77B0}.Debug|Any CPU.ActiveCfg = Debug|Any CPU
		{042D5047-3166-2166-4480-C91E10FC77B0}.Debug|Any CPU.Build.0 = Debug|Any CPU
		{042D5047-3166-2166-4480-C91E10FC77B0}.Release|Any CPU.ActiveCfg = Release|Any CPU
		{042D5047-3166-2166-4480-C91E10FC77B0}.Release|Any CPU.Build.0 = Release|Any CPU
	EndGlobalSection
	GlobalSection(SolutionProperties) = preSolution
		HideSolutionNode = FALSE
	EndGlobalSection
EndGlobal
